lockfileVersion: '9.0'

settings:
  autoInstallPeers: true
  excludeLinksFromLockfile: false

importers:

  .:
    dependencies:
      systeminformation:
        specifier: ^5.27.7
        version: 5.31.11

packages:

  systeminformation@5.31.11:
    resolution: {integrity: sha512-I6O7iaUj23AXRgCPDDnvi3xHvdOLp4+1YMbF+X194lJwY1NeWojgHJPhslVKcmTtrLTguRk3QJK+xEdTiI3P0w==}
    engines: {node: '>=8.0.0'}
    os: [darwin, linux, win32, freebsd, openbsd, netbsd, sunos, android]
    hasBin: true

snapshots:

  systeminformation@5.31.11: {}
